
Microsoft Visual Studio Solution File, Format Version 12.00
# Visual Studio Version 17
VisualStudioVersion = 17.0.31903.59
MinimumVisualStudioVersion = 10.0.40219.1
Project("{2150E333-8FDC-42A3-9474-1A3956D46DE8}") = "src", "src", "{B9551B75-108D-4F94-B607-23E1A34DB497}"
EndProject
Project("{2150E333-8FDC-42A3-9474-1A3956D46DE8}") = "test", "test", "{873FAF29-B362-452A-90EA-19F3FC3AD4CE}"
EndProject
Project("{2150E333-8FDC-42A3-9474-1A3956D46DE8}") = "samples", "samples", "{A7B51FCD-7D58-4F9F-A2AF-7B2F28F5A098}"
EndProject
Project("{9A19103F-16F7-4668-BE54-9A1E7A4F7556}") = "Elmah.Io.NLog", "src\Elmah.Io.NLog\Elmah.Io.NLog.csproj", "{E2EB3B81-26C1-4415-90CE-3204BCEED5E7}"
EndProject
Project("{2150E333-8FDC-42A3-9474-1A3956D46DE8}") = "Solution Items", "Solution Items", "{B2D2A563-08A0-4B2A-9D31-820045C2357B}"
	ProjectSection(SolutionItems) = preProject
		README.md = README.md
	EndProjectSection
EndProject
Project("{9A19103F-16F7-4668-BE54-9A1E7A4F7556}") = "Elmah.Io.NLog.Tests", "test\Elmah.Io.NLog.Tests\Elmah.Io.NLog.Tests.csproj", "{A7E2930B-EC84-4AB2-BCC4-0B90B6BBDCBA}"
EndProject
Project("{9A19103F-16F7-4668-BE54-9A1E7A4F7556}") = "Elmah.Io.NLog.AspNetCore31", "samples\Elmah.Io.NLog.AspNetCore31\Elmah.Io.NLog.AspNetCore31.csproj", "{1DB208B9-7485-478E-8B45-9250FE302826}"
EndProject
Project("{9A19103F-16F7-4668-BE54-9A1E7A4F7556}") = "Elmah.Io.NLog.AspNetCore60", "samples\Elmah.Io.NLog.AspNetCore60\Elmah.Io.NLog.AspNetCore60.csproj", "{43DDB13A-9FD3-4728-BA4A-47A0DC09BA49}"
EndProject
Project("{9A19103F-16F7-4668-BE54-9A1E7A4F7556}") = "Elmah.Io.NLog.Console", "samples\Elmah.Io.NLog.Console\Elmah.Io.NLog.Console.csproj", "{0626A469-C514-4FE0-ADDD-013B6D63AED7}"
EndProject
Project("{9A19103F-16F7-4668-BE54-9A1E7A4F7556}") = "Elmah.Io.NLog.Console70", "samples\Elmah.Io.NLog.Console70\Elmah.Io.NLog.Console70.csproj", "{04FFC73A-9927-42FB-AA2C-466A9FCE025B}"
EndProject
Project("{9A19103F-16F7-4668-BE54-9A1E7A4F7556}") = "Elmah.Io.NLog.ConsoleCore31", "samples\Elmah.Io.NLog.ConsoleCore31\Elmah.Io.NLog.ConsoleCore31.csproj", "{C6543DA3-D5A5-4904-AB7A-DB1A53A28B32}"
EndProject
Global
	GlobalSection(SolutionConfigurationPlatforms) = preSolution
		Debug|Any CPU = Debug|Any CPU
		Release|Any CPU = Release|Any CPU
	EndGlobalSection
	GlobalSection(ProjectConfigurationPlatforms) = postSolution
		{E2EB3B81-26C1-4415-90CE-3204BCEED5E7}.Debug|Any CPU.ActiveCfg = Debug|Any CPU
		{E2EB3B81-26C1-4415-90CE-3204BCEED5E7}.Debug|Any CPU.Build.0 = Debug|Any CPU
		{E2EB3B81-26C1-4415-90CE-3204BCEED5E7}.Release|Any CPU.ActiveCfg = Release|Any CPU
		{E2EB3B81-26C1-4415-90CE-3204BCEED5E7}.Release|Any CPU.Build.0 = Release|Any CPU
		{A7E2930B-EC84-4AB2-BCC4-0B90B6BBDCBA}.Debug|Any CPU.ActiveCfg = Debug|Any CPU
		{A7E2930B-EC84-4AB2-BCC4-0B90B6BBDCBA}.Debug|Any CPU.Build.0 = Debug|Any CPU
		{A7E2930B-EC84-4AB2-BCC4-0B90B6BBDCBA}.Release|Any CPU.ActiveCfg = Release|Any CPU
		{A7E2930B-EC84-4AB2-BCC4-0B90B6BBDCBA}.Release|Any CPU.Build.0 = Release|Any CPU
		{1DB208B9-7485-478E-8B45-9250FE302826}.Debug|Any CPU.ActiveCfg = Debug|Any CPU
		{1DB208B9-7485-478E-8B45-9250FE302826}.Debug|Any CPU.Build.0 = Debug|Any CPU
		{1DB208B9-7485-478E-8B45-9250FE302826}.Release|Any CPU.ActiveCfg = Release|Any CPU
		{1DB208B9-7485-478E-8B45-9250FE302826}.Release|Any CPU.Build.0 = Release|Any CPU
		{43DDB13A-9FD3-4728-BA4A-47A0DC09BA49}.Debug|Any CPU.ActiveCfg = Debug|Any CPU
		{43DDB13A-9FD3-4728-BA4A-47A0DC09BA49}.Debug|Any CPU.Build.0 = Debug|Any CPU
		{43DDB13A-9FD3-4728-BA4A-47A0DC09BA49}.Release|Any CPU.ActiveCfg = Release|Any CPU
		{43DDB13A-9FD3-4728-BA4A-47A0DC09BA49}.Release|Any CPU.Build.0 = Release|Any CPU
		{0626A469-C514-4FE0-ADDD-013B6D63AED7}.Debug|Any CPU.ActiveCfg = Debug|Any CPU
		{0626A469-C514-4FE0-ADDD-013B6D63AED7}.Debug|Any CPU.Build.0 = Debug|Any CPU
		{0626A469-C514-4FE0-ADDD-013B6D63AED7}.Release|Any CPU.ActiveCfg = Release|Any CPU
		{0626A469-C514-4FE0-ADDD-013B6D63AED7}.Release|Any CPU.Build.0 = Release|Any CPU
		{04FFC73A-9927-42FB-AA2C-466A9FCE025B}.Debug|Any CPU.ActiveCfg = Debug|Any CPU
		{04FFC73A-9927-42FB-AA2C-466A9FCE025B}.Debug|Any CPU.Build.0 = Debug|Any CPU
		{04FFC73A-9927-42FB-AA2C-466A9FCE025B}.Release|Any CPU.ActiveCfg = Release|Any CPU
		{04FFC73A-9927-42FB-AA2C-466A9FCE025B}.Release|Any CPU.Build.0 = Release|Any CPU
		{C6543DA3-D5A5-4904-AB7A-DB1A53A28B32}.Debug|Any CPU.ActiveCfg = Debug|Any CPU
		{C6543DA3-D5A5-4904-AB7A-DB1A53A28B32}.Debug|Any CPU.Build.0 = Debug|Any CPU
		{C6543DA3-D5A5-4904-AB7A-DB1A53A28B32}.Release|Any CPU.ActiveCfg = Release|Any CPU
		{C6543DA3-D5A5-4904-AB7A-DB1A53A28B32}.Release|Any CPU.Build.0 = Release|Any CPU
	EndGlobalSection
	GlobalSection(SolutionProperties) = preSolution
		HideSolutionNode = FALSE
	EndGlobalSection
	GlobalSection(NestedProjects) = preSolution
		{E2EB3B81-26C1-4415-90CE-3204BCEED5E7} = {B9551B75-108D-4F94-B607-23E1A34DB497}
		{A7E2930B-EC84-4AB2-BCC4-0B90B6BBDCBA} = {873FAF29-B362-452A-90EA-19F3FC3AD4CE}
		{1DB208B9-7485-478E-8B45-9250FE302826} = {A7B51FCD-7D58-4F9F-A2AF-7B2F28F5A098}
		{43DDB13A-9FD3-4728-BA4A-47A0DC09BA49} = {A7B51FCD-7D58-4F9F-A2AF-7B2F28F5A098}
		{0626A469-C514-4FE0-ADDD-013B6D63AED7} = {A7B51FCD-7D58-4F9F-A2AF-7B2F28F5A098}
		{04FFC73A-9927-42FB-AA2C-466A9FCE025B} = {A7B51FCD-7D58-4F9F-A2AF-7B2F28F5A098}
		{C6543DA3-D5A5-4904-AB7A-DB1A53A28B32} = {A7B51FCD-7D58-4F9F-A2AF-7B2F28F5A098}
	EndGlobalSection
	GlobalSection(ExtensibilityGlobals) = postSolution
		SolutionGuid = {EB25BF6B-30A4-4F37-AFBC-F4318A1516C9}
	EndGlobalSection
EndGlobal
